
Microsoft Visual Studio Solution File, Format Version 12.00
# Visual Studio Version 17
VisualStudioVersion = 17.13.35818.85 d17.13
MinimumVisualStudioVersion = 10.0.40219.1
Project("{FAE04EC0-301F-11D3-BF4B-00C04F79EFBC}") = "PageSum", "PageSum\PageSum.csproj", "{33A07E21-6C72-438B-BF35-E649D6C517E1}"
EndProject
Global
	GlobalSection(SolutionConfigurationPlatforms) = preSolution
		Debug|Any CPU = Debug|Any CPU
		Release|Any CPU = Release|Any CPU
	EndGlobalSection
	GlobalSection(ProjectConfigurationPlatforms) = postSolution
		{33A07E21-6C72-438B-BF35-E649D6C517E1}.Debug|Any CPU.ActiveCfg = Debug|Any CPU
		{33A07E21-6C72-438B-BF35-E649D6C517E1}.Debug|Any CPU.Build.0 = Debug|Any CPU
		{33A07E21-6C72-438B-BF35-E649D6C517E1}.Release|Any CPU.ActiveCfg = Release|Any CPU
		{33A07E21-6C72-438B-BF35-E649D6C517E1}.Release|Any CPU.Build.0 = Release|Any CPU
	EndGlobalSection
	GlobalSection(SolutionProperties) = preSolution
		HideSolutionNode = FALSE
	EndGlobalSection
	GlobalSection(ExtensibilityGlobals) = postSolution
		SolutionGuid = {406E9ED3-5682-4C91-B12D-B805C2E4D6BA}
	EndGlobalSection
EndGlobal
