
Microsoft Visual Studio Solution File, Format Version 12.00
# Visual Studio Version 17
VisualStudioVersion = 17.10.35013.160
MinimumVisualStudioVersion = 10.0.40219.1
Project("{FAE04EC0-301F-11D3-BF4B-00C04F79EFBC}") = "ClassLibrary2", "ClassLibrary2\ClassLibrary2.csproj", "{39ED17B2-CAEC-4EEF-A727-2DC3E41D31F6}"
EndProject
Global
	GlobalSection(SolutionConfigurationPlatforms) = preSolution
		Debug|Any CPU = Debug|Any CPU
		Release|Any CPU = Release|Any CPU
	EndGlobalSection
	GlobalSection(ProjectConfigurationPlatforms) = postSolution
		{39ED17B2-CAEC-4EEF-A727-2DC3E41D31F6}.Debug|Any CPU.ActiveCfg = Debug|Any CPU
		{39ED17B2-CAEC-4EEF-A727-2DC3E41D31F6}.Debug|Any CPU.Build.0 = Debug|Any CPU
		{39ED17B2-CAEC-4EEF-A727-2DC3E41D31F6}.Release|Any CPU.ActiveCfg = Release|Any CPU
		{39ED17B2-CAEC-4EEF-A727-2DC3E41D31F6}.Release|Any CPU.Build.0 = Release|Any CPU
	EndGlobalSection
	GlobalSection(SolutionProperties) = preSolution
		HideSolutionNode = FALSE
	EndGlobalSection
	GlobalSection(ExtensibilityGlobals) = postSolution
		SolutionGuid = {316AAC95-7727-4B5E-8A41-BAE7B3490F3B}
	EndGlobalSection
EndGlobal
