
Microsoft Visual Studio Solution File, Format Version 12.00
# Visual Studio Version 17
VisualStudioVersion = 17.13.35818.85 d17.13
MinimumVisualStudioVersion = 10.0.40219.1
Project("{FAE04EC0-301F-11D3-BF4B-00C04F79EFBC}") = "TodoList", "TodoList\TodoList.csproj", "{99BBB228-F23F-41A6-8F96-94FCBAA82233}"
EndProject
Global
	GlobalSection(SolutionConfigurationPlatforms) = preSolution
		Debug|Any CPU = Debug|Any CPU
		Release|Any CPU = Release|Any CPU
	EndGlobalSection
	GlobalSection(ProjectConfigurationPlatforms) = postSolution
		{99BBB228-F23F-41A6-8F96-94FCBAA82233}.Debug|Any CPU.ActiveCfg = Debug|Any CPU
		{99BBB228-F23F-41A6-8F96-94FCBAA82233}.Debug|Any CPU.Build.0 = Debug|Any CPU
		{99BBB228-F23F-41A6-8F96-94FCBAA82233}.Release|Any CPU.ActiveCfg = Release|Any CPU
		{99BBB228-F23F-41A6-8F96-94FCBAA82233}.Release|Any CPU.Build.0 = Release|Any CPU
	EndGlobalSection
	GlobalSection(SolutionProperties) = preSolution
		HideSolutionNode = FALSE
	EndGlobalSection
	GlobalSection(ExtensibilityGlobals) = postSolution
		SolutionGuid = {73245D59-99D0-42E1-9202-F0E0E1F0472A}
	EndGlobalSection
EndGlobal
