
Microsoft Visual Studio Solution File, Format Version 12.00
# Visual Studio Version 17
VisualStudioVersion = 17.10.35013.160
MinimumVisualStudioVersion = 10.0.40219.1
Project("{FAE04EC0-301F-11D3-BF4B-00C04F79EFBC}") = "CurrencyConverter_Database", "CurrencyConverter_Database\CurrencyConverter_Database.csproj", "{A1169447-4800-40FB-9550-AD4C472610EE}"
EndProject
Global
	GlobalSection(SolutionConfigurationPlatforms) = preSolution
		Debug|Any CPU = Debug|Any CPU
		Release|Any CPU = Release|Any CPU
	EndGlobalSection
	GlobalSection(ProjectConfigurationPlatforms) = postSolution
		{A1169447-4800-40FB-9550-AD4C472610EE}.Debug|Any CPU.ActiveCfg = Debug|Any CPU
		{A1169447-4800-40FB-9550-AD4C472610EE}.Debug|Any CPU.Build.0 = Debug|Any CPU
		{A1169447-4800-40FB-9550-AD4C472610EE}.Release|Any CPU.ActiveCfg = Release|Any CPU
		{A1169447-4800-40FB-9550-AD4C472610EE}.Release|Any CPU.Build.0 = Release|Any CPU
	EndGlobalSection
	GlobalSection(SolutionProperties) = preSolution
		HideSolutionNode = FALSE
	EndGlobalSection
	GlobalSection(ExtensibilityGlobals) = postSolution
		SolutionGuid = {B5B30430-74C9-4472-94C4-7BDA980EB99A}
	EndGlobalSection
EndGlobal
