
Microsoft Visual Studio Solution File, Format Version 12.00
# Visual Studio 15
VisualStudioVersion = 15.0.26730.16
MinimumVisualStudioVersion = 10.0.40219.1
Project("{FAE04EC0-301F-11D3-BF4B-00C04F79EFBC}") = "LinqWithXML", "LinqWithXML\LinqWithXML.csproj", "{BAE5B1C2-81FB-479D-A006-E5864DEE6574}"
EndProject
Global
	GlobalSection(SolutionConfigurationPlatforms) = preSolution
		Debug|Any CPU = Debug|Any CPU
		Release|Any CPU = Release|Any CPU
	EndGlobalSection
	GlobalSection(ProjectConfigurationPlatforms) = postSolution
		{BAE5B1C2-81FB-479D-A006-E5864DEE6574}.Debug|Any CPU.ActiveCfg = Debug|Any CPU
		{BAE5B1C2-81FB-479D-A006-E5864DEE6574}.Debug|Any CPU.Build.0 = Debug|Any CPU
		{BAE5B1C2-81FB-479D-A006-E5864DEE6574}.Release|Any CPU.ActiveCfg = Release|Any CPU
		{BAE5B1C2-81FB-479D-A006-E5864DEE6574}.Release|Any CPU.Build.0 = Release|Any CPU
	EndGlobalSection
	GlobalSection(SolutionProperties) = preSolution
		HideSolutionNode = FALSE
	EndGlobalSection
	GlobalSection(ExtensibilityGlobals) = postSolution
		SolutionGuid = {C5337798-99F5-4F6E-A229-24A214B1DB71}
	EndGlobalSection
EndGlobal
