
Microsoft Visual Studio Solution File, Format Version 12.00
# Visual Studio Version 17
VisualStudioVersion = 17.10.35013.160
MinimumVisualStudioVersion = 10.0.40219.1
Project("{FAE04EC0-301F-11D3-BF4B-00C04F79EFBC}") = "InvoiceManagement", "InvoiceManagement\InvoiceManagement.csproj", "{3419A60F-EDDB-428B-8EDE-FD0D0241446B}"
EndProject
Global
	GlobalSection(SolutionConfigurationPlatforms) = preSolution
		Debug|Any CPU = Debug|Any CPU
		Release|Any CPU = Release|Any CPU
	EndGlobalSection
	GlobalSection(ProjectConfigurationPlatforms) = postSolution
		{3419A60F-EDDB-428B-8EDE-FD0D0241446B}.Debug|Any CPU.ActiveCfg = Debug|Any CPU
		{3419A60F-EDDB-428B-8EDE-FD0D0241446B}.Debug|Any CPU.Build.0 = Debug|Any CPU
		{3419A60F-EDDB-428B-8EDE-FD0D0241446B}.Release|Any CPU.ActiveCfg = Release|Any CPU
		{3419A60F-EDDB-428B-8EDE-FD0D0241446B}.Release|Any CPU.Build.0 = Release|Any CPU
	EndGlobalSection
	GlobalSection(SolutionProperties) = preSolution
		HideSolutionNode = FALSE
	EndGlobalSection
	GlobalSection(ExtensibilityGlobals) = postSolution
		SolutionGuid = {062F346D-3217-49CD-8E60-F29DE7FD3D98}
	EndGlobalSection
EndGlobal
