
Microsoft Visual Studio Solution File, Format Version 12.00
# Visual Studio Version 17
VisualStudioVersion = 17.10.35013.160
MinimumVisualStudioVersion = 10.0.40219.1
Project("{FAE04EC0-301F-11D3-BF4B-00C04F79EFBC}") = "LinqToSQL", "LinqToSQL\LinqToSQL.csproj", "{7B87005A-D3F5-460D-8000-BF324E678CCB}"
EndProject
Global
	GlobalSection(SolutionConfigurationPlatforms) = preSolution
		Debug|Any CPU = Debug|Any CPU
		Release|Any CPU = Release|Any CPU
	EndGlobalSection
	GlobalSection(ProjectConfigurationPlatforms) = postSolution
		{7B87005A-D3F5-460D-8000-BF324E678CCB}.Debug|Any CPU.ActiveCfg = Debug|Any CPU
		{7B87005A-D3F5-460D-8000-BF324E678CCB}.Debug|Any CPU.Build.0 = Debug|Any CPU
		{7B87005A-D3F5-460D-8000-BF324E678CCB}.Release|Any CPU.ActiveCfg = Release|Any CPU
		{7B87005A-D3F5-460D-8000-BF324E678CCB}.Release|Any CPU.Build.0 = Release|Any CPU
	EndGlobalSection
	GlobalSection(SolutionProperties) = preSolution
		HideSolutionNode = FALSE
	EndGlobalSection
	GlobalSection(ExtensibilityGlobals) = postSolution
		SolutionGuid = {7D54EA2D-7258-4D48-86A0-9987F303B419}
	EndGlobalSection
EndGlobal
