
Microsoft Visual Studio Solution File, Format Version 12.00
# Visual Studio Version 17
VisualStudioVersion = 17.14.36121.58 d17.14
MinimumVisualStudioVersion = 10.0.40219.1
Project("{FAE04EC0-301F-11D3-BF4B-00C04F79EFBC}") = "InterfacesMain", "InterfacesMain\InterfacesMain.csproj", "{39058A98-824A-41B3-ADEA-3D85433C7B4D}"
EndProject
Global
	GlobalSection(SolutionConfigurationPlatforms) = preSolution
		Debug|Any CPU = Debug|Any CPU
		Release|Any CPU = Release|Any CPU
	EndGlobalSection
	GlobalSection(ProjectConfigurationPlatforms) = postSolution
		{39058A98-824A-41B3-ADEA-3D85433C7B4D}.Debug|Any CPU.ActiveCfg = Debug|Any CPU
		{39058A98-824A-41B3-ADEA-3D85433C7B4D}.Debug|Any CPU.Build.0 = Debug|Any CPU
		{39058A98-824A-41B3-ADEA-3D85433C7B4D}.Release|Any CPU.ActiveCfg = Release|Any CPU
		{39058A98-824A-41B3-ADEA-3D85433C7B4D}.Release|Any CPU.Build.0 = Release|Any CPU
	EndGlobalSection
	GlobalSection(SolutionProperties) = preSolution
		HideSolutionNode = FALSE
	EndGlobalSection
	GlobalSection(ExtensibilityGlobals) = postSolution
		SolutionGuid = {7B09DC03-65E2-473A-963A-E5432823B3BA}
	EndGlobalSection
EndGlobal
