
Microsoft Visual Studio Solution File, Format Version 12.00
# Visual Studio Version 17
VisualStudioVersion = 17.10.35013.160
MinimumVisualStudioVersion = 10.0.40219.1
Project("{FAE04EC0-301F-11D3-BF4B-00C04F79EFBC}") = "WpfLibrary1", "WpfLibrary1\WpfLibrary1.csproj", "{2FD2D325-3B8D-4AD6-88D1-B8FC3DABC893}"
EndProject
Global
	GlobalSection(SolutionConfigurationPlatforms) = preSolution
		Debug|Any CPU = Debug|Any CPU
		Release|Any CPU = Release|Any CPU
	EndGlobalSection
	GlobalSection(ProjectConfigurationPlatforms) = postSolution
		{2FD2D325-3B8D-4AD6-88D1-B8FC3DABC893}.Debug|Any CPU.ActiveCfg = Debug|Any CPU
		{2FD2D325-3B8D-4AD6-88D1-B8FC3DABC893}.Debug|Any CPU.Build.0 = Debug|Any CPU
		{2FD2D325-3B8D-4AD6-88D1-B8FC3DABC893}.Release|Any CPU.ActiveCfg = Release|Any CPU
		{2FD2D325-3B8D-4AD6-88D1-B8FC3DABC893}.Release|Any CPU.Build.0 = Release|Any CPU
	EndGlobalSection
	GlobalSection(SolutionProperties) = preSolution
		HideSolutionNode = FALSE
	EndGlobalSection
	GlobalSection(ExtensibilityGlobals) = postSolution
		SolutionGuid = {0EB62BEA-0FDC-49BD-8319-C1B231895A2C}
	EndGlobalSection
EndGlobal
